// !$*UTF8*$!
{
	archiveVersion = 1;
	classes = {
	};
	objectVersion = 48;
	objects = {

/* Begin PBXBuildFile section */
		BB025A461FCE324100EA1691 /* RestServerManager.swift in Sources */ = {isa = PBXBuildFile; fileRef = BB025A451FCE324100EA1691 /* RestServerManager.swift */; };
		BB025A481FCE328100EA1691 /* RestAPIHelper.swift in Sources */ = {isa = PBXBuildFile; fileRef = BB025A471FCE328100EA1691 /* RestAPIHelper.swift */; };
		BB025A4A1FCE328B00EA1691 /* RestEnumerations.swift in Sources */ = {isa = PBXBuildFile; fileRef = BB025A491FCE328B00EA1691 /* RestEnumerations.swift */; };
		BB025A4D1FCE329900EA1691 /* API.swift in Sources */ = {isa = PBXBuildFile; fileRef = BB025A4C1FCE329900EA1691 /* API.swift */; };
		BB025A4F1FCE32A400EA1691 /* APIParams.swift in Sources */ = {isa = PBXBuildFile; fileRef = BB025A4E1FCE32A400EA1691 /* APIParams.swift */; };
		BB025A511FCE32AB00EA1691 /* APIKeys.swift in Sources */ = {isa = PBXBuildFile; fileRef = BB025A501FCE32AB00EA1691 /* APIKeys.swift */; };
		BB025A531FCE32BA00EA1691 /* APIResponseKeys.swift in Sources */ = {isa = PBXBuildFile; fileRef = BB025A521FCE32BA00EA1691 /* APIResponseKeys.swift */; };
		BB025A551FCE32C300EA1691 /* APIResponseValues.swift in Sources */ = {isa = PBXBuildFile; fileRef = BB025A541FCE32C300EA1691 /* APIResponseValues.swift */; };
		BB025A571FCE443600EA1691 /* StocksServiceEnumerations.swift in Sources */ = {isa = PBXBuildFile; fileRef = BB025A561FCE443600EA1691 /* StocksServiceEnumerations.swift */; };
		BB025A591FCE46D800EA1691 /* StocksQuoteBase.swift in Sources */ = {isa = PBXBuildFile; fileRef = BB025A581FCE46D800EA1691 /* StocksQuoteBase.swift */; };
		BB025A5B1FCE4B7600EA1691 /* StocksWebserviceError.swift in Sources */ = {isa = PBXBuildFile; fileRef = BB025A5A1FCE4B7600EA1691 /* StocksWebserviceError.swift */; };
		BB025A5C1FCE612700EA1691 /* StockWebServiceAPI.swift in Sources */ = {isa = PBXBuildFile; fileRef = BBC88F601FCD19A100C25F6D /* StockWebServiceAPI.swift */; };
		BB025A5D1FCE612C00EA1691 /* StockWebService.swift in Sources */ = {isa = PBXBuildFile; fileRef = BBC88F621FCD1A3200C25F6D /* StockWebService.swift */; };
		BB025A5E1FCE619800EA1691 /* StocksViewModel.swift in Sources */ = {isa = PBXBuildFile; fileRef = BB9D1DBD1FCCEC9600376B6F /* StocksViewModel.swift */; };
		BB025A5F1FCE619B00EA1691 /* StockWebServiceAPI.swift in Sources */ = {isa = PBXBuildFile; fileRef = BBC88F601FCD19A100C25F6D /* StockWebServiceAPI.swift */; };
		BB025A611FCE622900EA1691 /* RestServerManager.swift in Sources */ = {isa = PBXBuildFile; fileRef = BB025A451FCE324100EA1691 /* RestServerManager.swift */; };
		BB025A621FCE6C2100EA1691 /* StocksQuoteBase.swift in Sources */ = {isa = PBXBuildFile; fileRef = BB025A581FCE46D800EA1691 /* StocksQuoteBase.swift */; };
		BB025A641FCE6D7800EA1691 /* Double+Extension.swift in Sources */ = {isa = PBXBuildFile; fileRef = BB025A631FCE6D7800EA1691 /* Double+Extension.swift */; };
		BB025A651FCE6EB900EA1691 /* UIVIewController+Extension.swift in Sources */ = {isa = PBXBuildFile; fileRef = BBC88F591FCD168200C25F6D /* UIVIewController+Extension.swift */; };
		BB025A691FCE7FAB00EA1691 /* Date+Extension.swift in Sources */ = {isa = PBXBuildFile; fileRef = BB025A681FCE7FAB00EA1691 /* Date+Extension.swift */; };
		BB025A6A1FCE89FD00EA1691 /* StockWebService.swift in Sources */ = {isa = PBXBuildFile; fileRef = BBC88F621FCD1A3200C25F6D /* StockWebService.swift */; };
		BB025A6B1FCE8A0300EA1691 /* StocksServiceEnumerations.swift in Sources */ = {isa = PBXBuildFile; fileRef = BB025A561FCE443600EA1691 /* StocksServiceEnumerations.swift */; };
		BB79CD981FCE8AA000DDD43C /* RestAPIHelper.swift in Sources */ = {isa = PBXBuildFile; fileRef = BB025A471FCE328100EA1691 /* RestAPIHelper.swift */; };
		BB79CD991FCE928500DDD43C /* StocksWebserviceError.swift in Sources */ = {isa = PBXBuildFile; fileRef = BB025A5A1FCE4B7600EA1691 /* StocksWebserviceError.swift */; };
		BB79CDD41FCF2B5A00DDD43C /* MockStockWebService.swift in Sources */ = {isa = PBXBuildFile; fileRef = BB79CDD31FCF2B5A00DDD43C /* MockStockWebService.swift */; };
		BB79CDD61FCF2CD900DDD43C /* StocksViewModelTests.swift in Sources */ = {isa = PBXBuildFile; fileRef = BB79CDD51FCF2CD900DDD43C /* StocksViewModelTests.swift */; };
		BB79CDD71FCF2D8F00DDD43C /* MockStockWebService.swift in Sources */ = {isa = PBXBuildFile; fileRef = BB79CDD31FCF2B5A00DDD43C /* MockStockWebService.swift */; };
		BB79CDD81FCF362200DDD43C /* RestEnumerations.swift in Sources */ = {isa = PBXBuildFile; fileRef = BB025A491FCE328B00EA1691 /* RestEnumerations.swift */; };
		BB79CDD91FCF363700DDD43C /* JSONUtilities.swift in Sources */ = {isa = PBXBuildFile; fileRef = BBC88F5E1FCD192900C25F6D /* JSONUtilities.swift */; };
		BB79CDDA1FCF364400DDD43C /* StocksServiceParser.swift in Sources */ = {isa = PBXBuildFile; fileRef = BBC88F641FCD1D3D00C25F6D /* StocksServiceParser.swift */; };
		BB79CDDB1FCF365000DDD43C /* API.swift in Sources */ = {isa = PBXBuildFile; fileRef = BB025A4C1FCE329900EA1691 /* API.swift */; };
		BB79CDDC1FCF366B00DDD43C /* APIResponseKeys.swift in Sources */ = {isa = PBXBuildFile; fileRef = BB025A521FCE32BA00EA1691 /* APIResponseKeys.swift */; };
		BB79CDDD1FCF367200DDD43C /* APIParams.swift in Sources */ = {isa = PBXBuildFile; fileRef = BB025A4E1FCE32A400EA1691 /* APIParams.swift */; };
		BB79CE161FCF5D3100DDD43C /* StockData.json in Resources */ = {isa = PBXBuildFile; fileRef = BB79CE151FCF5D3100DDD43C /* StockData.json */; };
		BB79CE191FCF5DFA00DDD43C /* StockWebServiceTests.swift in Sources */ = {isa = PBXBuildFile; fileRef = BB79CE181FCF5DFA00DDD43C /* StockWebServiceTests.swift */; };
		BB9D1D831FCCE83C00376B6F /* AppDelegate.swift in Sources */ = {isa = PBXBuildFile; fileRef = BB9D1D821FCCE83C00376B6F /* AppDelegate.swift */; };
		BB9D1D881FCCE83C00376B6F /* Main.storyboard in Resources */ = {isa = PBXBuildFile; fileRef = BB9D1D861FCCE83C00376B6F /* Main.storyboard */; };
		BB9D1D8A1FCCE83C00376B6F /* Assets.xcassets in Resources */ = {isa = PBXBuildFile; fileRef = BB9D1D891FCCE83C00376B6F /* Assets.xcassets */; };
		BB9D1D8D1FCCE83C00376B6F /* LaunchScreen.storyboard in Resources */ = {isa = PBXBuildFile; fileRef = BB9D1D8B1FCCE83C00376B6F /* LaunchScreen.storyboard */; };
		BB9D1D981FCCE83C00376B6F /* StockQuoteTests.swift in Sources */ = {isa = PBXBuildFile; fileRef = BB9D1D971FCCE83C00376B6F /* StockQuoteTests.swift */; };
		BB9D1DB41FCCEA2700376B6F /* StocksHomeViewController.swift in Sources */ = {isa = PBXBuildFile; fileRef = BB9D1DB31FCCEA2700376B6F /* StocksHomeViewController.swift */; };
		BB9D1DB51FCCEA2700376B6F /* StocksHomeViewController.swift in Sources */ = {isa = PBXBuildFile; fileRef = BB9D1DB31FCCEA2700376B6F /* StocksHomeViewController.swift */; };
		BB9D1DB71FCCEA4400376B6F /* StocksDetailViewController.swift in Sources */ = {isa = PBXBuildFile; fileRef = BB9D1DB61FCCEA4400376B6F /* StocksDetailViewController.swift */; };
		BB9D1DB81FCCEA4400376B6F /* StocksDetailViewController.swift in Sources */ = {isa = PBXBuildFile; fileRef = BB9D1DB61FCCEA4400376B6F /* StocksDetailViewController.swift */; };
		BB9D1DBB1FCCEAF300376B6F /* CustomStocksTableViewCell.swift in Sources */ = {isa = PBXBuildFile; fileRef = BB9D1DBA1FCCEAF300376B6F /* CustomStocksTableViewCell.swift */; };
		BB9D1DBC1FCCEAF300376B6F /* CustomStocksTableViewCell.swift in Sources */ = {isa = PBXBuildFile; fileRef = BB9D1DBA1FCCEAF300376B6F /* CustomStocksTableViewCell.swift */; };
		BB9D1DBE1FCCEC9600376B6F /* StocksViewModel.swift in Sources */ = {isa = PBXBuildFile; fileRef = BB9D1DBD1FCCEC9600376B6F /* StocksViewModel.swift */; };
		BB9D1DC11FCCECAF00376B6F /* ImageDownloadManager.swift in Sources */ = {isa = PBXBuildFile; fileRef = BB9D1DC01FCCECAF00376B6F /* ImageDownloadManager.swift */; };
		BB9D1DC21FCCECAF00376B6F /* ImageDownloadManager.swift in Sources */ = {isa = PBXBuildFile; fileRef = BB9D1DC01FCCECAF00376B6F /* ImageDownloadManager.swift */; };
		BB9D1DC41FCCECC500376B6F /* Constants.swift in Sources */ = {isa = PBXBuildFile; fileRef = BB9D1DC31FCCECC500376B6F /* Constants.swift */; };
		BB9D1DC51FCCECC500376B6F /* Constants.swift in Sources */ = {isa = PBXBuildFile; fileRef = BB9D1DC31FCCECC500376B6F /* Constants.swift */; };
		BBC88F5A1FCD168200C25F6D /* UIVIewController+Extension.swift in Sources */ = {isa = PBXBuildFile; fileRef = BBC88F591FCD168200C25F6D /* UIVIewController+Extension.swift */; };
		BBC88F5F1FCD192900C25F6D /* JSONUtilities.swift in Sources */ = {isa = PBXBuildFile; fileRef = BBC88F5E1FCD192900C25F6D /* JSONUtilities.swift */; };
		BBC88F651FCD1D3D00C25F6D /* StocksServiceParser.swift in Sources */ = {isa = PBXBuildFile; fileRef = BBC88F641FCD1D3D00C25F6D /* StocksServiceParser.swift */; };
/* End PBXBuildFile section */

/* Begin PBXContainerItemProxy section */
		BB9D1D941FCCE83C00376B6F /* PBXContainerItemProxy */ = {
			isa = PBXContainerItemProxy;
			containerPortal = BB9D1D771FCCE83C00376B6F /* Project object */;
			proxyType = 1;
			remoteGlobalIDString = BB9D1D7E1FCCE83C00376B6F;
			remoteInfo = StockQuote;
		};
/* End PBXContainerItemProxy section */

/* Begin PBXFileReference section */
		BB025A451FCE324100EA1691 /* RestServerManager.swift */ = {isa = PBXFileReference; lastKnownFileType = sourcecode.swift; path = RestServerManager.swift; sourceTree = "<group>"; };
		BB025A471FCE328100EA1691 /* RestAPIHelper.swift */ = {isa = PBXFileReference; lastKnownFileType = sourcecode.swift; path = RestAPIHelper.swift; sourceTree = "<group>"; };
		BB025A491FCE328B00EA1691 /* RestEnumerations.swift */ = {isa = PBXFileReference; lastKnownFileType = sourcecode.swift; path = RestEnumerations.swift; sourceTree = "<group>"; };
		BB025A4C1FCE329900EA1691 /* API.swift */ = {isa = PBXFileReference; lastKnownFileType = sourcecode.swift; path = API.swift; sourceTree = "<group>"; };
		BB025A4E1FCE32A400EA1691 /* APIParams.swift */ = {isa = PBXFileReference; lastKnownFileType = sourcecode.swift; path = APIParams.swift; sourceTree = "<group>"; };
		BB025A501FCE32AB00EA1691 /* APIKeys.swift */ = {isa = PBXFileReference; lastKnownFileType = sourcecode.swift; path = APIKeys.swift; sourceTree = "<group>"; };
		BB025A521FCE32BA00EA1691 /* APIResponseKeys.swift */ = {isa = PBXFileReference; lastKnownFileType = sourcecode.swift; path = APIResponseKeys.swift; sourceTree = "<group>"; };
		BB025A541FCE32C300EA1691 /* APIResponseValues.swift */ = {isa = PBXFileReference; lastKnownFileType = sourcecode.swift; path = APIResponseValues.swift; sourceTree = "<group>"; };
		BB025A561FCE443600EA1691 /* StocksServiceEnumerations.swift */ = {isa = PBXFileReference; lastKnownFileType = sourcecode.swift; path = StocksServiceEnumerations.swift; sourceTree = "<group>"; };
		BB025A581FCE46D800EA1691 /* StocksQuoteBase.swift */ = {isa = PBXFileReference; lastKnownFileType = sourcecode.swift; path = StocksQuoteBase.swift; sourceTree = "<group>"; };
		BB025A5A1FCE4B7600EA1691 /* StocksWebserviceError.swift */ = {isa = PBXFileReference; lastKnownFileType = sourcecode.swift; path = StocksWebserviceError.swift; sourceTree = "<group>"; };
		BB025A631FCE6D7800EA1691 /* Double+Extension.swift */ = {isa = PBXFileReference; lastKnownFileType = sourcecode.swift; path = "Double+Extension.swift"; sourceTree = "<group>"; };
		BB025A681FCE7FAB00EA1691 /* Date+Extension.swift */ = {isa = PBXFileReference; lastKnownFileType = sourcecode.swift; path = "Date+Extension.swift"; sourceTree = "<group>"; };
		BB79CDD31FCF2B5A00DDD43C /* MockStockWebService.swift */ = {isa = PBXFileReference; lastKnownFileType = sourcecode.swift; path = MockStockWebService.swift; sourceTree = "<group>"; };
		BB79CDD51FCF2CD900DDD43C /* StocksViewModelTests.swift */ = {isa = PBXFileReference; lastKnownFileType = sourcecode.swift; path = StocksViewModelTests.swift; sourceTree = "<group>"; };
		BB79CE151FCF5D3100DDD43C /* StockData.json */ = {isa = PBXFileReference; fileEncoding = 4; lastKnownFileType = text.json; path = StockData.json; sourceTree = "<group>"; };
		BB79CE181FCF5DFA00DDD43C /* StockWebServiceTests.swift */ = {isa = PBXFileReference; lastKnownFileType = sourcecode.swift; path = StockWebServiceTests.swift; sourceTree = "<group>"; };
		BB9D1D7F1FCCE83C00376B6F /* StockQuote.app */ = {isa = PBXFileReference; explicitFileType = wrapper.application; includeInIndex = 0; path = StockQuote.app; sourceTree = BUILT_PRODUCTS_DIR; };
		BB9D1D821FCCE83C00376B6F /* AppDelegate.swift */ = {isa = PBXFileReference; lastKnownFileType = sourcecode.swift; path = AppDelegate.swift; sourceTree = "<group>"; };
		BB9D1D871FCCE83C00376B6F /* Base */ = {isa = PBXFileReference; lastKnownFileType = file.storyboard; name = Base; path = Base.lproj/Main.storyboard; sourceTree = "<group>"; };
		BB9D1D891FCCE83C00376B6F /* Assets.xcassets */ = {isa = PBXFileReference; lastKnownFileType = folder.assetcatalog; path = Assets.xcassets; sourceTree = "<group>"; };
		BB9D1D8C1FCCE83C00376B6F /* Base */ = {isa = PBXFileReference; lastKnownFileType = file.storyboard; name = Base; path = Base.lproj/LaunchScreen.storyboard; sourceTree = "<group>"; };
		BB9D1D8E1FCCE83C00376B6F /* Info.plist */ = {isa = PBXFileReference; lastKnownFileType = text.plist.xml; path = Info.plist; sourceTree = "<group>"; };
		BB9D1D931FCCE83C00376B6F /* StockQuoteTests.xctest */ = {isa = PBXFileReference; explicitFileType = wrapper.cfbundle; includeInIndex = 0; path = StockQuoteTests.xctest; sourceTree = BUILT_PRODUCTS_DIR; };
		BB9D1D971FCCE83C00376B6F /* StockQuoteTests.swift */ = {isa = PBXFileReference; lastKnownFileType = sourcecode.swift; path = StockQuoteTests.swift; sourceTree = "<group>"; };
		BB9D1D991FCCE83C00376B6F /* Info.plist */ = {isa = PBXFileReference; lastKnownFileType = text.plist.xml; path = Info.plist; sourceTree = "<group>"; };
		BB9D1DB31FCCEA2700376B6F /* StocksHomeViewController.swift */ = {isa = PBXFileReference; lastKnownFileType = sourcecode.swift; path = StocksHomeViewController.swift; sourceTree = "<group>"; };
		BB9D1DB61FCCEA4400376B6F /* StocksDetailViewController.swift */ = {isa = PBXFileReference; lastKnownFileType = sourcecode.swift; path = StocksDetailViewController.swift; sourceTree = "<group>"; };
		BB9D1DBA1FCCEAF300376B6F /* CustomStocksTableViewCell.swift */ = {isa = PBXFileReference; lastKnownFileType = sourcecode.swift; path = CustomStocksTableViewCell.swift; sourceTree = "<group>"; };
		BB9D1DBD1FCCEC9600376B6F /* StocksViewModel.swift */ = {isa = PBXFileReference; lastKnownFileType = sourcecode.swift; path = StocksViewModel.swift; sourceTree = "<group>"; };
		BB9D1DC01FCCECAF00376B6F /* ImageDownloadManager.swift */ = {isa = PBXFileReference; lastKnownFileType = sourcecode.swift; path = ImageDownloadManager.swift; sourceTree = "<group>"; };
		BB9D1DC31FCCECC500376B6F /* Constants.swift */ = {isa = PBXFileReference; lastKnownFileType = sourcecode.swift; path = Constants.swift; sourceTree = "<group>"; };
		BBC88F591FCD168200C25F6D /* UIVIewController+Extension.swift */ = {isa = PBXFileReference; lastKnownFileType = sourcecode.swift; path = "UIVIewController+Extension.swift"; sourceTree = "<group>"; };
		BBC88F5E1FCD192900C25F6D /* JSONUtilities.swift */ = {isa = PBXFileReference; lastKnownFileType = sourcecode.swift; path = JSONUtilities.swift; sourceTree = "<group>"; };
		BBC88F601FCD19A100C25F6D /* StockWebServiceAPI.swift */ = {isa = PBXFileReference; lastKnownFileType = sourcecode.swift; path = StockWebServiceAPI.swift; sourceTree = "<group>"; };
		BBC88F621FCD1A3200C25F6D /* StockWebService.swift */ = {isa = PBXFileReference; lastKnownFileType = sourcecode.swift; path = StockWebService.swift; sourceTree = "<group>"; };
		BBC88F641FCD1D3D00C25F6D /* StocksServiceParser.swift */ = {isa = PBXFileReference; lastKnownFileType = sourcecode.swift; path = StocksServiceParser.swift; sourceTree = "<group>"; };
/* End PBXFileReference section */

/* Begin PBXFrameworksBuildPhase section */
		BB9D1D7C1FCCE83C00376B6F /* Frameworks */ = {
			isa = PBXFrameworksBuildPhase;
			buildActionMask = 2147483647;
			files = (
			);
			runOnlyForDeploymentPostprocessing = 0;
		};
		BB9D1D901FCCE83C00376B6F /* Frameworks */ = {
			isa = PBXFrameworksBuildPhase;
			buildActionMask = 2147483647;
			files = (
			);
			runOnlyForDeploymentPostprocessing = 0;
		};
/* End PBXFrameworksBuildPhase section */

/* Begin PBXGroup section */
		BB025A4B1FCE329000EA1691 /* APIConfiguration */ = {
			isa = PBXGroup;
			children = (
				BB025A4C1FCE329900EA1691 /* API.swift */,
				BB025A4E1FCE32A400EA1691 /* APIParams.swift */,
				BB025A501FCE32AB00EA1691 /* APIKeys.swift */,
				BB025A521FCE32BA00EA1691 /* APIResponseKeys.swift */,
				BB025A541FCE32C300EA1691 /* APIResponseValues.swift */,
			);
			path = APIConfiguration;
			sourceTree = "<group>";
		};
		BB79CDD01FCF2B2A00DDD43C /* Testing */ = {
			isa = PBXGroup;
			children = (
				BB79CDD21FCF2B4600DDD43C /* Stubs */,
				BB79CDD11FCF2B3F00DDD43C /* Mocks */,
			);
			path = Testing;
			sourceTree = "<group>";
		};
		BB79CDD11FCF2B3F00DDD43C /* Mocks */ = {
			isa = PBXGroup;
			children = (
				BB79CDD31FCF2B5A00DDD43C /* MockStockWebService.swift */,
			);
			path = Mocks;
			sourceTree = "<group>";
		};
		BB79CDD21FCF2B4600DDD43C /* Stubs */ = {
			isa = PBXGroup;
			children = (
				BB79CE151FCF5D3100DDD43C /* StockData.json */,
			);
			path = Stubs;
			sourceTree = "<group>";
		};
		BB79CE171FCF5DB400DDD43C /* StockWebServiceAPITests */ = {
			isa = PBXGroup;
			children = (
				BB79CE181FCF5DFA00DDD43C /* StockWebServiceTests.swift */,
			);
			path = StockWebServiceAPITests;
			sourceTree = "<group>";
		};
		BB9D1D761FCCE83C00376B6F = {
			isa = PBXGroup;
			children = (
				BB9D1D811FCCE83C00376B6F /* StockQuote */,
				BB9D1D961FCCE83C00376B6F /* StockQuoteTests */,
				BB9D1D801FCCE83C00376B6F /* Products */,
			);
			sourceTree = "<group>";
		};
		BB9D1D801FCCE83C00376B6F /* Products */ = {
			isa = PBXGroup;
			children = (
				BB9D1D7F1FCCE83C00376B6F /* StockQuote.app */,
				BB9D1D931FCCE83C00376B6F /* StockQuoteTests.xctest */,
			);
			name = Products;
			sourceTree = "<group>";
		};
		BB9D1D811FCCE83C00376B6F /* StockQuote */ = {
			isa = PBXGroup;
			children = (
				BB9D1DAB1FCCE88D00376B6F /* AppDelegate */,
				BB9D1DA21FCCE84E00376B6F /* Managers */,
				BB9D1DA71FCCE86A00376B6F /* Models */,
				BB9D1DA31FCCE85400376B6F /* Controllers */,
				BB9D1DA51FCCE86000376B6F /* ViewModels */,
				BB9D1DA41FCCE85C00376B6F /* Views */,
				BB9D1DA61FCCE86500376B6F /* Networking */,
				BB9D1DA91FCCE87C00376B6F /* Extensions */,
				BB9D1DA81FCCE87200376B6F /* Utilities */,
				BB9D1DAA1FCCE88700376B6F /* Resources */,
			);
			path = StockQuote;
			sourceTree = "<group>";
		};
		BB9D1D961FCCE83C00376B6F /* StockQuoteTests */ = {
			isa = PBXGroup;
			children = (
				BB79CE171FCF5DB400DDD43C /* StockWebServiceAPITests */,
				BB9D1DAD1FCCE8BE00376B6F /* ViewModelTests */,
				BB9D1D971FCCE83C00376B6F /* StockQuoteTests.swift */,
				BB9D1D991FCCE83C00376B6F /* Info.plist */,
			);
			path = StockQuoteTests;
			sourceTree = "<group>";
		};
		BB9D1DA21FCCE84E00376B6F /* Managers */ = {
			isa = PBXGroup;
			children = (
				BB9D1DC01FCCECAF00376B6F /* ImageDownloadManager.swift */,
			);
			path = Managers;
			sourceTree = "<group>";
		};
		BB9D1DA31FCCE85400376B6F /* Controllers */ = {
			isa = PBXGroup;
			children = (
				BB9D1DB31FCCEA2700376B6F /* StocksHomeViewController.swift */,
				BB9D1DB61FCCEA4400376B6F /* StocksDetailViewController.swift */,
			);
			path = Controllers;
			sourceTree = "<group>";
		};
		BB9D1DA41FCCE85C00376B6F /* Views */ = {
			isa = PBXGroup;
			children = (
				BB9D1DB91FCCEAB600376B6F /* CustomCells */,
				BB9D1DAC1FCCE8A300376B6F /* Storyboards */,
			);
			path = Views;
			sourceTree = "<group>";
		};
		BB9D1DA51FCCE86000376B6F /* ViewModels */ = {
			isa = PBXGroup;
			children = (
				BB9D1DBD1FCCEC9600376B6F /* StocksViewModel.swift */,
			);
			path = ViewModels;
			sourceTree = "<group>";
		};
		BB9D1DA61FCCE86500376B6F /* Networking */ = {
			isa = PBXGroup;
			children = (
				BB79CDD01FCF2B2A00DDD43C /* Testing */,
				BBC88F5C1FCD190A00C25F6D /* RestClient */,
				BBC88F5B1FCD18FF00C25F6D /* StockWebServiceAPI */,
			);
			path = Networking;
			sourceTree = "<group>";
		};
		BB9D1DA71FCCE86A00376B6F /* Models */ = {
			isa = PBXGroup;
			children = (
				BB025A581FCE46D800EA1691 /* StocksQuoteBase.swift */,
			);
			path = Models;
			sourceTree = "<group>";
		};
		BB9D1DA81FCCE87200376B6F /* Utilities */ = {
			isa = PBXGroup;
			children = (
				BB9D1DC31FCCECC500376B6F /* Constants.swift */,
			);
			path = Utilities;
			sourceTree = "<group>";
		};
		BB9D1DA91FCCE87C00376B6F /* Extensions */ = {
			isa = PBXGroup;
			children = (
				BBC88F591FCD168200C25F6D /* UIVIewController+Extension.swift */,
				BB025A631FCE6D7800EA1691 /* Double+Extension.swift */,
				BB025A681FCE7FAB00EA1691 /* Date+Extension.swift */,
			);
			path = Extensions;
			sourceTree = "<group>";
		};
		BB9D1DAA1FCCE88700376B6F /* Resources */ = {
			isa = PBXGroup;
			children = (
				BB9D1D891FCCE83C00376B6F /* Assets.xcassets */,
				BB9D1D8E1FCCE83C00376B6F /* Info.plist */,
			);
			path = Resources;
			sourceTree = "<group>";
		};
		BB9D1DAB1FCCE88D00376B6F /* AppDelegate */ = {
			isa = PBXGroup;
			children = (
				BB9D1D821FCCE83C00376B6F /* AppDelegate.swift */,
			);
			path = AppDelegate;
			sourceTree = "<group>";
		};
		BB9D1DAC1FCCE8A300376B6F /* Storyboards */ = {
			isa = PBXGroup;
			children = (
				BB9D1D861FCCE83C00376B6F /* Main.storyboard */,
				BB9D1D8B1FCCE83C00376B6F /* LaunchScreen.storyboard */,
			);
			path = Storyboards;
			sourceTree = "<group>";
		};
		BB9D1DAD1FCCE8BE00376B6F /* ViewModelTests */ = {
			isa = PBXGroup;
			children = (
				BB79CDD51FCF2CD900DDD43C /* StocksViewModelTests.swift */,
			);
			path = ViewModelTests;
			sourceTree = "<group>";
		};
		BB9D1DB91FCCEAB600376B6F /* CustomCells */ = {
			isa = PBXGroup;
			children = (
				BB9D1DBA1FCCEAF300376B6F /* CustomStocksTableViewCell.swift */,
			);
			path = CustomCells;
			sourceTree = "<group>";
		};
		BBC88F5B1FCD18FF00C25F6D /* StockWebServiceAPI */ = {
			isa = PBXGroup;
			children = (
				BBC88F601FCD19A100C25F6D /* StockWebServiceAPI.swift */,
				BBC88F621FCD1A3200C25F6D /* StockWebService.swift */,
				BBC88F641FCD1D3D00C25F6D /* StocksServiceParser.swift */,
				BB025A561FCE443600EA1691 /* StocksServiceEnumerations.swift */,
				BB025A5A1FCE4B7600EA1691 /* StocksWebserviceError.swift */,
			);
			path = StockWebServiceAPI;
			sourceTree = "<group>";
		};
		BBC88F5C1FCD190A00C25F6D /* RestClient */ = {
			isa = PBXGroup;
			children = (
				BB025A4B1FCE329000EA1691 /* APIConfiguration */,
				BBC88F5E1FCD192900C25F6D /* JSONUtilities.swift */,
				BB025A451FCE324100EA1691 /* RestServerManager.swift */,
				BB025A471FCE328100EA1691 /* RestAPIHelper.swift */,
				BB025A491FCE328B00EA1691 /* RestEnumerations.swift */,
			);
			path = RestClient;
			sourceTree = "<group>";
		};
/* End PBXGroup section */

/* Begin PBXNativeTarget section */
		BB9D1D7E1FCCE83C00376B6F /* StockQuote */ = {
			isa = PBXNativeTarget;
			buildConfigurationList = BB9D1D9C1FCCE83C00376B6F /* Build configuration list for PBXNativeTarget "StockQuote" */;
			buildPhases = (
				BB9D1D7B1FCCE83C00376B6F /* Sources */,
				BB9D1D7C1FCCE83C00376B6F /* Frameworks */,
				BB9D1D7D1FCCE83C00376B6F /* Resources */,
			);
			buildRules = (
			);
			dependencies = (
			);
			name = StockQuote;
			productName = StockQuote;
			productReference = BB9D1D7F1FCCE83C00376B6F /* StockQuote.app */;
			productType = "com.apple.product-type.application";
		};
		BB9D1D921FCCE83C00376B6F /* StockQuoteTests */ = {
			isa = PBXNativeTarget;
			buildConfigurationList = BB9D1D9F1FCCE83C00376B6F /* Build configuration list for PBXNativeTarget "StockQuoteTests" */;
			buildPhases = (
				BB9D1D8F1FCCE83C00376B6F /* Sources */,
				BB9D1D901FCCE83C00376B6F /* Frameworks */,
				BB9D1D911FCCE83C00376B6F /* Resources */,
			);
			buildRules = (
			);
			dependencies = (
				BB9D1D951FCCE83C00376B6F /* PBXTargetDependency */,
			);
			name = StockQuoteTests;
			productName = StockQuoteTests;
			productReference = BB9D1D931FCCE83C00376B6F /* StockQuoteTests.xctest */;
			productType = "com.apple.product-type.bundle.unit-test";
		};
/* End PBXNativeTarget section */

/* Begin PBXProject section */
		BB9D1D771FCCE83C00376B6F /* Project object */ = {
			isa = PBXProject;
			attributes = {
				LastSwiftUpdateCheck = 0910;
				LastUpgradeCheck = 0910;
				ORGANIZATIONNAME = "Rahul Dubey";
				TargetAttributes = {
					BB9D1D7E1FCCE83C00376B6F = {
						CreatedOnToolsVersion = 9.1;
						ProvisioningStyle = Automatic;
					};
					BB9D1D921FCCE83C00376B6F = {
						CreatedOnToolsVersion = 9.1;
						ProvisioningStyle = Automatic;
						TestTargetID = BB9D1D7E1FCCE83C00376B6F;
					};
				};
			};
			buildConfigurationList = BB9D1D7A1FCCE83C00376B6F /* Build configuration list for PBXProject "StockQuote" */;
			compatibilityVersion = "Xcode 8.0";
			developmentRegion = en;
			hasScannedForEncodings = 0;
			knownRegions = (
				en,
				Base,
			);
			mainGroup = BB9D1D761FCCE83C00376B6F;
			productRefGroup = BB9D1D801FCCE83C00376B6F /* Products */;
			projectDirPath = "";
			projectRoot = "";
			targets = (
				BB9D1D7E1FCCE83C00376B6F /* StockQuote */,
				BB9D1D921FCCE83C00376B6F /* StockQuoteTests */,
			);
		};
/* End PBXProject section */

/* Begin PBXResourcesBuildPhase section */
		BB9D1D7D1FCCE83C00376B6F /* Resources */ = {
			isa = PBXResourcesBuildPhase;
			buildActionMask = 2147483647;
			files = (
				BB79CE161FCF5D3100DDD43C /* StockData.json in Resources */,
				BB9D1D8D1FCCE83C00376B6F /* LaunchScreen.storyboard in Resources */,
				BB9D1D8A1FCCE83C00376B6F /* Assets.xcassets in Resources */,
				BB9D1D881FCCE83C00376B6F /* Main.storyboard in Resources */,
			);
			runOnlyForDeploymentPostprocessing = 0;
		};
		BB9D1D911FCCE83C00376B6F /* Resources */ = {
			isa = PBXResourcesBuildPhase;
			buildActionMask = 2147483647;
			files = (
			);
			runOnlyForDeploymentPostprocessing = 0;
		};
/* End PBXResourcesBuildPhase section */

/* Begin PBXSourcesBuildPhase section */
		BB9D1D7B1FCCE83C00376B6F /* Sources */ = {
			isa = PBXSourcesBuildPhase;
			buildActionMask = 2147483647;
			files = (
				BB025A591FCE46D800EA1691 /* StocksQuoteBase.swift in Sources */,
				BB9D1DBE1FCCEC9600376B6F /* StocksViewModel.swift in Sources */,
				BBC88F651FCD1D3D00C25F6D /* StocksServiceParser.swift in Sources */,
				BB9D1DB71FCCEA4400376B6F /* StocksDetailViewController.swift in Sources */,
				BB025A641FCE6D7800EA1691 /* Double+Extension.swift in Sources */,
				BBC88F5F1FCD192900C25F6D /* JSONUtilities.swift in Sources */,
				BB025A5B1FCE4B7600EA1691 /* StocksWebserviceError.swift in Sources */,
				BB025A461FCE324100EA1691 /* RestServerManager.swift in Sources */,
				BB025A691FCE7FAB00EA1691 /* Date+Extension.swift in Sources */,
				BB025A511FCE32AB00EA1691 /* APIKeys.swift in Sources */,
				BB025A5C1FCE612700EA1691 /* StockWebServiceAPI.swift in Sources */,
				BB025A531FCE32BA00EA1691 /* APIResponseKeys.swift in Sources */,
				BB025A481FCE328100EA1691 /* RestAPIHelper.swift in Sources */,
				BB9D1DB41FCCEA2700376B6F /* StocksHomeViewController.swift in Sources */,
				BB9D1DC11FCCECAF00376B6F /* ImageDownloadManager.swift in Sources */,
				BB025A4A1FCE328B00EA1691 /* RestEnumerations.swift in Sources */,
				BBC88F5A1FCD168200C25F6D /* UIVIewController+Extension.swift in Sources */,
				BB9D1DC41FCCECC500376B6F /* Constants.swift in Sources */,
				BB025A551FCE32C300EA1691 /* APIResponseValues.swift in Sources */,
				BB9D1D831FCCE83C00376B6F /* AppDelegate.swift in Sources */,
				BB025A571FCE443600EA1691 /* StocksServiceEnumerations.swift in Sources */,
				BB025A5D1FCE612C00EA1691 /* StockWebService.swift in Sources */,
				BB025A4F1FCE32A400EA1691 /* APIParams.swift in Sources */,
				BB025A4D1FCE329900EA1691 /* API.swift in Sources */,
				BB9D1DBB1FCCEAF300376B6F /* CustomStocksTableViewCell.swift in Sources */,
				BB79CDD41FCF2B5A00DDD43C /* MockStockWebService.swift in Sources */,
			);
			runOnlyForDeploymentPostprocessing = 0;
		};
		BB9D1D8F1FCCE83C00376B6F /* Sources */ = {
			isa = PBXSourcesBuildPhase;
			buildActionMask = 2147483647;
			files = (
				BB79CD991FCE928500DDD43C /* StocksWebserviceError.swift in Sources */,
				BB79CDDC1FCF366B00DDD43C /* APIResponseKeys.swift in Sources */,
				BB025A651FCE6EB900EA1691 /* UIVIewController+Extension.swift in Sources */,
				BB025A621FCE6C2100EA1691 /* StocksQuoteBase.swift in Sources */,
				BB025A5F1FCE619B00EA1691 /* StockWebServiceAPI.swift in Sources */,
				BB025A611FCE622900EA1691 /* RestServerManager.swift in Sources */,
				BB79CDDA1FCF364400DDD43C /* StocksServiceParser.swift in Sources */,
				BB9D1DB81FCCEA4400376B6F /* StocksDetailViewController.swift in Sources */,
				BB9D1DB51FCCEA2700376B6F /* StocksHomeViewController.swift in Sources */,
				BB79CDDD1FCF367200DDD43C /* APIParams.swift in Sources */,
				BB79CDD81FCF362200DDD43C /* RestEnumerations.swift in Sources */,
				BB79CE191FCF5DFA00DDD43C /* StockWebServiceTests.swift in Sources */,
				BB9D1DC21FCCECAF00376B6F /* ImageDownloadManager.swift in Sources */,
				BB025A6A1FCE89FD00EA1691 /* StockWebService.swift in Sources */,
				BB79CD981FCE8AA000DDD43C /* RestAPIHelper.swift in Sources */,
				BB025A5E1FCE619800EA1691 /* StocksViewModel.swift in Sources */,
				BB79CDDB1FCF365000DDD43C /* API.swift in Sources */,
				BB79CDD91FCF363700DDD43C /* JSONUtilities.swift in Sources */,
				BB79CDD61FCF2CD900DDD43C /* StocksViewModelTests.swift in Sources */,
				BB9D1DC51FCCECC500376B6F /* Constants.swift in Sources */,
				BB79CDD71FCF2D8F00DDD43C /* MockStockWebService.swift in Sources */,
				BB025A6B1FCE8A0300EA1691 /* StocksServiceEnumerations.swift in Sources */,
				BB9D1D981FCCE83C00376B6F /* StockQuoteTests.swift in Sources */,
				BB9D1DBC1FCCEAF300376B6F /* CustomStocksTableViewCell.swift in Sources */,
			);
			runOnlyForDeploymentPostprocessing = 0;
		};
/* End PBXSourcesBuildPhase section */

/* Begin PBXTargetDependency section */
		BB9D1D951FCCE83C00376B6F /* PBXTargetDependency */ = {
			isa = PBXTargetDependency;
			target = BB9D1D7E1FCCE83C00376B6F /* StockQuote */;
			targetProxy = BB9D1D941FCCE83C00376B6F /* PBXContainerItemProxy */;
		};
/* End PBXTargetDependency section */

/* Begin PBXVariantGroup section */
		BB9D1D861FCCE83C00376B6F /* Main.storyboard */ = {
			isa = PBXVariantGroup;
			children = (
				BB9D1D871FCCE83C00376B6F /* Base */,
			);
			name = Main.storyboard;
			sourceTree = "<group>";
		};
		BB9D1D8B1FCCE83C00376B6F /* LaunchScreen.storyboard */ = {
			isa = PBXVariantGroup;
			children = (
				BB9D1D8C1FCCE83C00376B6F /* Base */,
			);
			name = LaunchScreen.storyboard;
			sourceTree = "<group>";
		};
/* End PBXVariantGroup section */

/* Begin XCBuildConfiguration section */
		BB9D1D9A1FCCE83C00376B6F /* Debug */ = {
			isa = XCBuildConfiguration;
			buildSettings = {
				ALWAYS_SEARCH_USER_PATHS = NO;
				CLANG_ANALYZER_NONNULL = YES;
				CLANG_ANALYZER_NUMBER_OBJECT_CONVERSION = YES_AGGRESSIVE;
				CLANG_CXX_LANGUAGE_STANDARD = "gnu++14";
				CLANG_CXX_LIBRARY = "libc++";
				CLANG_ENABLE_MODULES = YES;
				CLANG_ENABLE_OBJC_ARC = YES;
				CLANG_WARN_BLOCK_CAPTURE_AUTORELEASING = YES;
				CLANG_WARN_BOOL_CONVERSION = YES;
				CLANG_WARN_COMMA = YES;
				CLANG_WARN_CONSTANT_CONVERSION = YES;
				CLANG_WARN_DIRECT_OBJC_ISA_USAGE = YES_ERROR;
				CLANG_WARN_DOCUMENTATION_COMMENTS = YES;
				CLANG_WARN_EMPTY_BODY = YES;
				CLANG_WARN_ENUM_CONVERSION = YES;
				CLANG_WARN_INFINITE_RECURSION = YES;
				CLANG_WARN_INT_CONVERSION = YES;
				CLANG_WARN_NON_LITERAL_NULL_CONVERSION = YES;
				CLANG_WARN_OBJC_LITERAL_CONVERSION = YES;
				CLANG_WARN_OBJC_ROOT_CLASS = YES_ERROR;
				CLANG_WARN_RANGE_LOOP_ANALYSIS = YES;
				CLANG_WARN_STRICT_PROTOTYPES = YES;
				CLANG_WARN_SUSPICIOUS_MOVE = YES;
				CLANG_WARN_UNGUARDED_AVAILABILITY = YES_AGGRESSIVE;
				CLANG_WARN_UNREACHABLE_CODE = YES;
				CLANG_WARN__DUPLICATE_METHOD_MATCH = YES;
				CODE_SIGN_IDENTITY = "iPhone Developer";
				COPY_PHASE_STRIP = NO;
				DEBUG_INFORMATION_FORMAT = dwarf;
				ENABLE_STRICT_OBJC_MSGSEND = YES;
				ENABLE_TESTABILITY = YES;
				GCC_C_LANGUAGE_STANDARD = gnu11;
				GCC_DYNAMIC_NO_PIC = NO;
				GCC_NO_COMMON_BLOCKS = YES;
				GCC_OPTIMIZATION_LEVEL = 0;
				GCC_PREPROCESSOR_DEFINITIONS = (
					"DEBUG=1",
					"$(inherited)",
				);
				GCC_WARN_64_TO_32_BIT_CONVERSION = YES;
				GCC_WARN_ABOUT_RETURN_TYPE = YES_ERROR;
				GCC_WARN_UNDECLARED_SELECTOR = YES;
				GCC_WARN_UNINITIALIZED_AUTOS = YES_AGGRESSIVE;
				GCC_WARN_UNUSED_FUNCTION = YES;
				GCC_WARN_UNUSED_VARIABLE = YES;
				IPHONEOS_DEPLOYMENT_TARGET = 11.1;
				MTL_ENABLE_DEBUG_INFO = YES;
				ONLY_ACTIVE_ARCH = YES;
				SDKROOT = iphoneos;
				SWIFT_ACTIVE_COMPILATION_CONDITIONS = DEBUG;
				SWIFT_OPTIMIZATION_LEVEL = "-Onone";
			};
			name = Debug;
		};
		BB9D1D9B1FCCE83C00376B6F /* Release */ = {
			isa = XCBuildConfiguration;
			buildSettings = {
				ALWAYS_SEARCH_USER_PATHS = NO;
				CLANG_ANALYZER_NONNULL = YES;
				CLANG_ANALYZER_NUMBER_OBJECT_CONVERSION = YES_AGGRESSIVE;
				CLANG_CXX_LANGUAGE_STANDARD = "gnu++14";
				CLANG_CXX_LIBRARY = "libc++";
				CLANG_ENABLE_MODULES = YES;
				CLANG_ENABLE_OBJC_ARC = YES;
				CLANG_WARN_BLOCK_CAPTURE_AUTORELEASING = YES;
				CLANG_WARN_BOOL_CONVERSION = YES;
				CLANG_WARN_COMMA = YES;
				CLANG_WARN_CONSTANT_CONVERSION = YES;
				CLANG_WARN_DIRECT_OBJC_ISA_USAGE = YES_ERROR;
				CLANG_WARN_DOCUMENTATION_COMMENTS = YES;
				CLANG_WARN_EMPTY_BODY = YES;
				CLANG_WARN_ENUM_CONVERSION = YES;
				CLANG_WARN_INFINITE_RECURSION = YES;
				CLANG_WARN_INT_CONVERSION = YES;
				CLANG_WARN_NON_LITERAL_NULL_CONVERSION = YES;
				CLANG_WARN_OBJC_LITERAL_CONVERSION = YES;
				CLANG_WARN_OBJC_ROOT_CLASS = YES_ERROR;
				CLANG_WARN_RANGE_LOOP_ANALYSIS = YES;
				CLANG_WARN_STRICT_PROTOTYPES = YES;
				CLANG_WARN_SUSPICIOUS_MOVE = YES;
				CLANG_WARN_UNGUARDED_AVAILABILITY = YES_AGGRESSIVE;
				CLANG_WARN_UNREACHABLE_CODE = YES;
				CLANG_WARN__DUPLICATE_METHOD_MATCH = YES;
				CODE_SIGN_IDENTITY = "iPhone Developer";
				COPY_PHASE_STRIP = NO;
				DEBUG_INFORMATION_FORMAT = "dwarf-with-dsym";
				ENABLE_NS_ASSERTIONS = NO;
				ENABLE_STRICT_OBJC_MSGSEND = YES;
				GCC_C_LANGUAGE_STANDARD = gnu11;
				GCC_NO_COMMON_BLOCKS = YES;
				GCC_WARN_64_TO_32_BIT_CONVERSION = YES;
				GCC_WARN_ABOUT_RETURN_TYPE = YES_ERROR;
				GCC_WARN_UNDECLARED_SELECTOR = YES;
				GCC_WARN_UNINITIALIZED_AUTOS = YES_AGGRESSIVE;
				GCC_WARN_UNUSED_FUNCTION = YES;
				GCC_WARN_UNUSED_VARIABLE = YES;
				IPHONEOS_DEPLOYMENT_TARGET = 11.1;
				MTL_ENABLE_DEBUG_INFO = NO;
				SDKROOT = iphoneos;
				SWIFT_OPTIMIZATION_LEVEL = "-Owholemodule";
				VALIDATE_PRODUCT = YES;
			};
			name = Release;
		};
		BB9D1D9D1FCCE83C00376B6F /* Debug */ = {
			isa = XCBuildConfiguration;
			buildSettings = {
				ASSETCATALOG_COMPILER_APPICON_NAME = AppIcon;
				CODE_SIGN_STYLE = Automatic;
				DEVELOPMENT_TEAM = 2E973Q2SJ9;
				INFOPLIST_FILE = "$(SRCROOT)/StockQuote/Resources/Info.plist";
				LD_RUNPATH_SEARCH_PATHS = "$(inherited) @executable_path/Frameworks";
				PRODUCT_BUNDLE_IDENTIFIER = com.creative.rd.StockQuote;
				PRODUCT_NAME = "$(TARGET_NAME)";
				SWIFT_VERSION = 4.0;
				TARGETED_DEVICE_FAMILY = "1,2";
			};
			name = Debug;
		};
		BB9D1D9E1FCCE83C00376B6F /* Release */ = {
			isa = XCBuildConfiguration;
			buildSettings = {
				ASSETCATALOG_COMPILER_APPICON_NAME = AppIcon;
				CODE_SIGN_STYLE = Automatic;
				DEVELOPMENT_TEAM = 2E973Q2SJ9;
				INFOPLIST_FILE = "$(SRCROOT)/StockQuote/Resources/Info.plist";
				LD_RUNPATH_SEARCH_PATHS = "$(inherited) @executable_path/Frameworks";
				PRODUCT_BUNDLE_IDENTIFIER = com.creative.rd.StockQuote;
				PRODUCT_NAME = "$(TARGET_NAME)";
				SWIFT_VERSION = 4.0;
				TARGETED_DEVICE_FAMILY = "1,2";
			};
			name = Release;
		};
		BB9D1DA01FCCE83C00376B6F /* Debug */ = {
			isa = XCBuildConfiguration;
			buildSettings = {
				ALWAYS_EMBED_SWIFT_STANDARD_LIBRARIES = YES;
				BUNDLE_LOADER = "$(TEST_HOST)";
				CODE_SIGN_STYLE = Automatic;
				DEVELOPMENT_TEAM = 2E973Q2SJ9;
				INFOPLIST_FILE = StockQuoteTests/Info.plist;
				LD_RUNPATH_SEARCH_PATHS = "$(inherited) @executable_path/Frameworks @loader_path/Frameworks";
				PRODUCT_BUNDLE_IDENTIFIER = com.creative.rd.StockQuoteTests;
				PRODUCT_NAME = "$(TARGET_NAME)";
				SWIFT_VERSION = 4.0;
				TARGETED_DEVICE_FAMILY = "1,2";
				TEST_HOST = "$(BUILT_PRODUCTS_DIR)/StockQuote.app/StockQuote";
			};
			name = Debug;
		};
		BB9D1DA11FCCE83C00376B6F /* Release */ = {
			isa = XCBuildConfiguration;
			buildSettings = {
				ALWAYS_EMBED_SWIFT_STANDARD_LIBRARIES = YES;
				BUNDLE_LOADER = "$(TEST_HOST)";
				CODE_SIGN_STYLE = Automatic;
				DEVELOPMENT_TEAM = 2E973Q2SJ9;
				INFOPLIST_FILE = StockQuoteTests/Info.plist;
				LD_RUNPATH_SEARCH_PATHS = "$(inherited) @executable_path/Frameworks @loader_path/Frameworks";
				PRODUCT_BUNDLE_IDENTIFIER = com.creative.rd.StockQuoteTests;
				PRODUCT_NAME = "$(TARGET_NAME)";
				SWIFT_VERSION = 4.0;
				TARGETED_DEVICE_FAMILY = "1,2";
				TEST_HOST = "$(BUILT_PRODUCTS_DIR)/StockQuote.app/StockQuote";
			};
			name = Release;
		};
/* End XCBuildConfiguration section */

/* Begin XCConfigurationList section */
		BB9D1D7A1FCCE83C00376B6F /* Build configuration list for PBXProject "StockQuote" */ = {
			isa = XCConfigurationList;
			buildConfigurations = (
				BB9D1D9A1FCCE83C00376B6F /* Debug */,
				BB9D1D9B1FCCE83C00376B6F /* Release */,
			);
			defaultConfigurationIsVisible = 0;
			defaultConfigurationName = Release;
		};
		BB9D1D9C1FCCE83C00376B6F /* Build configuration list for PBXNativeTarget "StockQuote" */ = {
			isa = XCConfigurationList;
			buildConfigurations = (
				BB9D1D9D1FCCE83C00376B6F /* Debug */,
				BB9D1D9E1FCCE83C00376B6F /* Release */,
			);
			defaultConfigurationIsVisible = 0;
			defaultConfigurationName = Release;
		};
		BB9D1D9F1FCCE83C00376B6F /* Build configuration list for PBXNativeTarget "StockQuoteTests" */ = {
			isa = XCConfigurationList;
			buildConfigurations = (
				BB9D1DA01FCCE83C00376B6F /* Debug */,
				BB9D1DA11FCCE83C00376B6F /* Release */,
			);
			defaultConfigurationIsVisible = 0;
			defaultConfigurationName = Release;
		};
/* End XCConfigurationList section */
	};
	rootObject = BB9D1D771FCCE83C00376B6F /* Project object */;
}
